<?xml version="1.0" encoding="utf-8"?>
<Project ToolsVersion="4.0" xmlns="http://schemas.microsoft.com/developer/msbuild/2003">
  <ItemGroup>
    <Filter Include="Arquivos de Origem">
      <UniqueIdentifier>{4FC737F1-C7A5-4376-A066-2A32D752A2FF}</UniqueIdentifier>
      <Extensions>cpp;c;cc;cxx;c++;cppm;ixx;def;odl;idl;hpj;bat;asm;asmx</Extensions>
    </Filter>
    <Filter Include="Arquivos de Cabeçalho">
      <UniqueIdentifier>{93995380-89BD-4b04-88EB-625FBE52EBFB}</UniqueIdentifier>
      <Extensions>h;hh;hpp;hxx;h++;hm;inl;inc;ipp;xsd</Extensions>
    </Filter>
    <Filter Include="Arquivos de Recurso">
      <UniqueIdentifier>{67DA6AB6-F800-4c08-8B7A-83BB121AAD01}</UniqueIdentifier>
      <Extensions>rc;ico;cur;bmp;dlg;rc2;rct;bin;rgs;gif;jpg;jpeg;jpe;resx;tiff;tif;png;wav;mfcribbon-ms</Extensions>
    </Filter>
    <Filter Include="Arquivos de Origem\P2s">
      <UniqueIdentifier>{ec808f77-4f32-466e-a3f1-2194f002d80e}</UniqueIdentifier>
    </Filter>
    <Filter Include="Arquivos de Origem\tiny">
      <UniqueIdentifier>{f75e1650-1851-49f1-a33f-d327fb2d99a1}</UniqueIdentifier>
    </Filter>
  </ItemGroup>
  <ItemGroup>
    <ClCompile Include="P2.cpp">
      <Filter>Arquivos de Origem</Filter>
    </ClCompile>
    <ClCompile Include="tiny_obj_loader.cpp">
      <Filter>Arquivos de Origem\tiny</Filter>
    </ClCompile>
    <ClCompile Include="..\..\..\..\..\..\..\..\..\..\..\OpenGL\common\controls.cpp">
      <Filter>Arquivos de Origem\P2s</Filter>
    </ClCompile>
    <ClCompile Include="..\..\..\..\..\..\..\..\..\..\..\OpenGL\common\objloader.cpp">
      <Filter>Arquivos de Origem\P2s</Filter>
    </ClCompile>
    <ClCompile Include="..\..\..\..\..\..\..\..\..\..\..\OpenGL\common\shader.cpp">
      <Filter>Arquivos de Origem\P2s</Filter>
    </ClCompile>
    <ClCompile Include="..\..\..\..\..\..\..\..\..\..\..\OpenGL\common\texture.cpp">
      <Filter>Arquivos de Origem\P2s</Filter>
    </ClCompile>
  </ItemGroup>
  <ItemGroup>
    <ClInclude Include="tiny_obj_loader.h">
      <Filter>Arquivos de Origem\tiny</Filter>
    </ClInclude>
    <ClInclude Include="..\..\..\..\..\..\..\..\..\..\..\OpenGL\common\controls.hpp">
      <Filter>Arquivos de Origem\P2s</Filter>
    </ClInclude>
    <ClInclude Include="..\..\..\..\..\..\..\..\..\..\..\OpenGL\common\objloader.hpp">
      <Filter>Arquivos de Origem\P2s</Filter>
    </ClInclude>
    <ClInclude Include="..\..\..\..\..\..\..\..\..\..\..\OpenGL\common\shader.hpp">
      <Filter>Arquivos de Origem\P2s</Filter>
    </ClInclude>
    <ClInclude Include="..\..\..\..\..\..\..\..\..\..\..\OpenGL\common\texture.hpp">
      <Filter>Arquivos de Origem\P2s</Filter>
    </ClInclude>
    <ClInclude Include="..\..\..\..\..\..\..\..\..\..\..\OpenGL\common\tiny_obj_loader.h">
      <Filter>Arquivos de Origem\P2s</Filter>
    </ClInclude>
    <ClInclude Include="stb_image.h">
      <Filter>Arquivos de Origem\P2s</Filter>
    </ClInclude>
  </ItemGroup>
</Project>